
Microsoft Visual Studio Solution File, Format Version 12.00
# Visual Studio Version 17
VisualStudioVersion = 17.11.35327.3
MinimumVisualStudioVersion = 10.0.40219.1
Project("{FAE04EC0-301F-11D3-BF4B-00C04F79EFBC}") = "Contact", "Contact.csproj", "{3EE200AC-B4DD-4207-A346-88B5A1B3E713}"
EndProject
Global
	GlobalSection(SolutionConfigurationPlatforms) = preSolution
		Debug|Any CPU = Debug|Any CPU
		Release|Any CPU = Release|Any CPU
	EndGlobalSection
	GlobalSection(ProjectConfigurationPlatforms) = postSolution
		{3EE200AC-B4DD-4207-A346-88B5A1B3E713}.Debug|Any CPU.ActiveCfg = Debug|Any CPU
		{3EE200AC-B4DD-4207-A346-88B5A1B3E713}.Debug|Any CPU.Build.0 = Debug|Any CPU
		{3EE200AC-B4DD-4207-A346-88B5A1B3E713}.Release|Any CPU.ActiveCfg = Release|Any CPU
		{3EE200AC-B4DD-4207-A346-88B5A1B3E713}.Release|Any CPU.Build.0 = Release|Any CPU
	EndGlobalSection
	GlobalSection(SolutionProperties) = preSolution
		HideSolutionNode = FALSE
	EndGlobalSection
	GlobalSection(ExtensibilityGlobals) = postSolution
		SolutionGuid = {A9DAFC39-646A-476E-8B02-24171AE82304}
	EndGlobalSection
EndGlobal
